
Microsoft Visual Studio Solution File, Format Version 12.00
# Visual Studio 2013
VisualStudioVersion = 12.0.30501.0
MinimumVisualStudioVersion = 10.0.40219.1
Project("{FAE04EC0-301F-11D3-BF4B-00C04F79EFBC}") = "MapShell", "MapShell\MapShell.csproj", "{727E9830-8A31-4923-8117-85FED25FA235}"
EndProject
Project("{FAE04EC0-301F-11D3-BF4B-00C04F79EFBC}") = "UnitTests", "UnitTests\UnitTests.csproj", "{8CB0EE36-50B0-46FB-8A79-E49A64FCFAAA}"
EndProject
Global
	GlobalSection(SolutionConfigurationPlatforms) = preSolution
		Debug|Any CPU = Debug|Any CPU
		Release|Any CPU = Release|Any CPU
	EndGlobalSection
	GlobalSection(ProjectConfigurationPlatforms) = postSolution
		{727E9830-8A31-4923-8117-85FED25FA235}.Debug|Any CPU.ActiveCfg = Debug|Any CPU
		{727E9830-8A31-4923-8117-85FED25FA235}.Debug|Any CPU.Build.0 = Debug|Any CPU
		{727E9830-8A31-4923-8117-85FED25FA235}.Release|Any CPU.ActiveCfg = Release|Any CPU
		{727E9830-8A31-4923-8117-85FED25FA235}.Release|Any CPU.Build.0 = Release|Any CPU
		{8CB0EE36-50B0-46FB-8A79-E49A64FCFAAA}.Debug|Any CPU.ActiveCfg = Debug|Any CPU
		{8CB0EE36-50B0-46FB-8A79-E49A64FCFAAA}.Debug|Any CPU.Build.0 = Debug|Any CPU
		{8CB0EE36-50B0-46FB-8A79-E49A64FCFAAA}.Release|Any CPU.ActiveCfg = Release|Any CPU
		{8CB0EE36-50B0-46FB-8A79-E49A64FCFAAA}.Release|Any CPU.Build.0 = Release|Any CPU
	EndGlobalSection
	GlobalSection(SolutionProperties) = preSolution
		HideSolutionNode = FALSE
	EndGlobalSection
EndGlobal
